
Microsoft Visual Studio Solution File, Format Version 12.00
# Visual Studio Version 17
VisualStudioVersion = 17.11.35303.130
MinimumVisualStudioVersion = 10.0.40219.1
Project("{FAE04EC0-301F-11D3-BF4B-00C04F79EFBC}") = "Web", "Web\Web.csproj", "{787B90FD-DC29-4081-851E-6E70E6C708E3}"
EndProject
Global
	GlobalSection(SolutionConfigurationPlatforms) = preSolution
		Debug|Any CPU = Debug|Any CPU
		Release|Any CPU = Release|Any CPU
	EndGlobalSection
	GlobalSection(ProjectConfigurationPlatforms) = postSolution
		{787B90FD-DC29-4081-851E-6E70E6C708E3}.Debug|Any CPU.ActiveCfg = Debug|Any CPU
		{787B90FD-DC29-4081-851E-6E70E6C708E3}.Debug|Any CPU.Build.0 = Debug|Any CPU
		{787B90FD-DC29-4081-851E-6E70E6C708E3}.Release|Any CPU.ActiveCfg = Release|Any CPU
		{787B90FD-DC29-4081-851E-6E70E6C708E3}.Release|Any CPU.Build.0 = Release|Any CPU
	EndGlobalSection
	GlobalSection(SolutionProperties) = preSolution
		HideSolutionNode = FALSE
	EndGlobalSection
	GlobalSection(ExtensibilityGlobals) = postSolution
		SolutionGuid = {67D942C8-B5F2-4838-AE59-307E745E6274}
	EndGlobalSection
EndGlobal
